
Microsoft Visual Studio Solution File, Format Version 12.00
# Visual Studio Version 17
VisualStudioVersion = 17.5.002.0
MinimumVisualStudioVersion = 10.0.40219.1
Project("{9A19103F-16F7-4668-BE54-9A1E7A4F7556}") = "PokeCRUD", "PokeCRUD.csproj", "{0503EADD-8B90-4217-93EF-1F09841B4531}"
EndProject
Global
	GlobalSection(SolutionConfigurationPlatforms) = preSolution
		Debug|Any CPU = Debug|Any CPU
		Release|Any CPU = Release|Any CPU
	EndGlobalSection
	GlobalSection(ProjectConfigurationPlatforms) = postSolution
		{0503EADD-8B90-4217-93EF-1F09841B4531}.Debug|Any CPU.ActiveCfg = Debug|Any CPU
		{0503EADD-8B90-4217-93EF-1F09841B4531}.Debug|Any CPU.Build.0 = Debug|Any CPU
		{0503EADD-8B90-4217-93EF-1F09841B4531}.Release|Any CPU.ActiveCfg = Release|Any CPU
		{0503EADD-8B90-4217-93EF-1F09841B4531}.Release|Any CPU.Build.0 = Release|Any CPU
	EndGlobalSection
	GlobalSection(SolutionProperties) = preSolution
		HideSolutionNode = FALSE
	EndGlobalSection
	GlobalSection(ExtensibilityGlobals) = postSolution
		SolutionGuid = {7151EEAA-E112-4566-9FAA-DDD1B262B39B}
	EndGlobalSection
EndGlobal
